# This file is automatically @generated by Cargo.
# It is not intended for manual editing.
version = 4

[[package]]
name = "abi"
version = "0.1.0"

[[package]]
name = "boot"
version = "0.1.0"
dependencies = [
 "solaya",
]

[[package]]
name = "console"
version = "0.1.0"
dependencies = [
 "abi",
 "hal",
 "klib",
]

[[package]]
name = "driver-api"
version = "0.1.0"
dependencies = [
 "abi",
 "hal",
 "headers",
 "klib",
 "mm",
]

[[package]]
name = "drivers"
version = "0.1.0"
dependencies = [
 "abi",
 "console",
 "driver-api",
 "hal",
 "headers",
 "klib",
 "mm",
]

[[package]]
name = "elf"
version = "0.8.0"
source = "registry+https://github.com/rust-lang/crates.io-index"
checksum = "55dd888a213fc57e957abf2aa305ee3e8a28dbe05687a251f33b637cd46b0070"

[[package]]
name = "gimli"
version = "0.32.3"
source = "registry+https://github.com/rust-lang/crates.io-index"
checksum = "e629b9b98ef3dd8afe6ca2bd0f89306cec16d43d907889945bc5d6687f2f13c7"

[[package]]
name = "gimli"
version = "0.33.1"
source = "registry+https://github.com/rust-lang/crates.io-index"
checksum = "19e16c5073773ccf057c282be832a59ee53ef5ff98db3aeff7f8314f52ffc196"

[[package]]
name = "hal"
version = "0.1.0"
dependencies = [
 "abi",
 "headers",
 "klib",
]

[[package]]
name = "headers"
version = "0.1.0"

[[package]]
name = "klib"
version = "0.1.0"
dependencies = [
 "abi",
]

[[package]]
name = "mm"
version = "0.1.0"
dependencies = [
 "hal",
 "klib",
]

[[package]]
name = "solaya"
version = "0.1.0"
dependencies = [
 "abi",
 "console",
 "driver-api",
 "drivers",
 "elf",
 "gimli 0.33.1",
 "hal",
 "headers",
 "klib",
 "mm",
 "unwinding",
]

[[package]]
name = "unwinding"
version = "0.2.8"
source = "registry+https://github.com/rust-lang/crates.io-index"
checksum = "60612c845ef41699f39dc8c5391f252942c0a88b7d15da672eff0d14101bbd6d"
dependencies = [
 "gimli 0.32.3",
]

[[package]]
name = "userspace"
version = "0.1.0"
dependencies = [
 "abi",
 "headers",
]
